
Microsoft Visual Studio Solution File, Format Version 12.00
# Visual Studio 15
VisualStudioVersion = 15.0.28307.572
MinimumVisualStudioVersion = 10.0.40219.1
Project("{FAE04EC0-301F-11D3-BF4B-00C04F79EFBC}") = "Flights.DAL", "Flights.DAL\Flights.DAL.csproj", "{4FE06AA5-E24E-423D-BFF4-DD748BB4AFDB}"
EndProject
Project("{FAE04EC0-301F-11D3-BF4B-00C04F79EFBC}") = "Flights.BLL", "Flights.BLL\Flights.BLL.csproj", "{1268EBE9-0C0F-4F3D-9242-A62DAEF72756}"
EndProject
Project("{FAE04EC0-301F-11D3-BF4B-00C04F79EFBC}") = "Flights.API", "Flights.API\Flights.API.csproj", "{A69F8584-F122-406B-8567-CB650D4CB9B4}"
EndProject
Global
	GlobalSection(SolutionConfigurationPlatforms) = preSolution
		Debug|Any CPU = Debug|Any CPU
		Release|Any CPU = Release|Any CPU
	EndGlobalSection
	GlobalSection(ProjectConfigurationPlatforms) = postSolution
		{4FE06AA5-E24E-423D-BFF4-DD748BB4AFDB}.Debug|Any CPU.ActiveCfg = Debug|Any CPU
		{4FE06AA5-E24E-423D-BFF4-DD748BB4AFDB}.Debug|Any CPU.Build.0 = Debug|Any CPU
		{4FE06AA5-E24E-423D-BFF4-DD748BB4AFDB}.Release|Any CPU.ActiveCfg = Release|Any CPU
		{4FE06AA5-E24E-423D-BFF4-DD748BB4AFDB}.Release|Any CPU.Build.0 = Release|Any CPU
		{1268EBE9-0C0F-4F3D-9242-A62DAEF72756}.Debug|Any CPU.ActiveCfg = Debug|Any CPU
		{1268EBE9-0C0F-4F3D-9242-A62DAEF72756}.Debug|Any CPU.Build.0 = Debug|Any CPU
		{1268EBE9-0C0F-4F3D-9242-A62DAEF72756}.Release|Any CPU.ActiveCfg = Release|Any CPU
		{1268EBE9-0C0F-4F3D-9242-A62DAEF72756}.Release|Any CPU.Build.0 = Release|Any CPU
		{A69F8584-F122-406B-8567-CB650D4CB9B4}.Debug|Any CPU.ActiveCfg = Debug|Any CPU
		{A69F8584-F122-406B-8567-CB650D4CB9B4}.Debug|Any CPU.Build.0 = Debug|Any CPU
		{A69F8584-F122-406B-8567-CB650D4CB9B4}.Release|Any CPU.ActiveCfg = Release|Any CPU
		{A69F8584-F122-406B-8567-CB650D4CB9B4}.Release|Any CPU.Build.0 = Release|Any CPU
	EndGlobalSection
	GlobalSection(SolutionProperties) = preSolution
		HideSolutionNode = FALSE
	EndGlobalSection
	GlobalSection(ExtensibilityGlobals) = postSolution
		SolutionGuid = {673E09B1-FB51-4DD6-95C6-925A85997171}
	EndGlobalSection
EndGlobal
